
Microsoft Visual Studio Solution File, Format Version 12.00
# Visual Studio Version 16
VisualStudioVersion = 16.0.30907.101
MinimumVisualStudioVersion = 10.0.40219.1
Project("{FAE04EC0-301F-11D3-BF4B-00C04F79EFBC}") = "Exercício 1", "Exercício 1\Exercício 1.csproj", "{F444766E-5517-44F5-B0A7-4B6CCA69D041}"
EndProject
Global
	GlobalSection(SolutionConfigurationPlatforms) = preSolution
		Debug|Any CPU = Debug|Any CPU
		Release|Any CPU = Release|Any CPU
	EndGlobalSection
	GlobalSection(ProjectConfigurationPlatforms) = postSolution
		{F444766E-5517-44F5-B0A7-4B6CCA69D041}.Debug|Any CPU.ActiveCfg = Debug|Any CPU
		{F444766E-5517-44F5-B0A7-4B6CCA69D041}.Debug|Any CPU.Build.0 = Debug|Any CPU
		{F444766E-5517-44F5-B0A7-4B6CCA69D041}.Release|Any CPU.ActiveCfg = Release|Any CPU
		{F444766E-5517-44F5-B0A7-4B6CCA69D041}.Release|Any CPU.Build.0 = Release|Any CPU
	EndGlobalSection
	GlobalSection(SolutionProperties) = preSolution
		HideSolutionNode = FALSE
	EndGlobalSection
	GlobalSection(ExtensibilityGlobals) = postSolution
		SolutionGuid = {486ADEBD-7999-46AE-930E-37CD6779ED64}
	EndGlobalSection
EndGlobal
